# THIS IS AN AUTOGENERATED FILE. DO NOT EDIT THIS FILE DIRECTLY.
# yarn lockfile v1


"@ast-grep/napi-darwin-arm64@0.37.0":
  version "0.37.0"
  resolved "https://registry.yarnpkg.com/@ast-grep/napi-darwin-arm64/-/napi-darwin-arm64-0.37.0.tgz#5cca85937dbe9a75b7e89ddc0cea595111e2d13d"
  integrity sha512-QAiIiaAbLvMEg/yBbyKn+p1gX2/FuaC0SMf7D7capm/oG4xGMzdeaQIcSosF4TCxxV+hIH4Bz9e4/u7w6Bnk3Q==

"@ast-grep/napi-darwin-x64@0.37.0":
  version "0.37.0"
  resolved "https://registry.yarnpkg.com/@ast-grep/napi-darwin-x64/-/napi-darwin-x64-0.37.0.tgz#433c19fb2584c81b2e04b1900430b7b547908319"
  integrity sha512-zvcvdgekd4ySV3zUbUp8HF5nk5zqwiMXTuVzTUdl/w08O7JjM6XPOIVT+d2o/MqwM9rsXdzdergY5oY2RdhSPA==

"@ast-grep/napi-linux-arm64-gnu@0.37.0":
  version "0.37.0"
  resolved "https://registry.yarnpkg.com/@ast-grep/napi-linux-arm64-gnu/-/napi-linux-arm64-gnu-0.37.0.tgz#2d7ea5cb97560cb704ff4e73daf5b372335387bf"
  integrity sha512-L7Sj0lXy8X+BqSMgr1LB8cCoWk0rericdeu+dC8/c8zpsav5Oo2IQKY1PmiZ7H8IHoFBbURLf8iklY9wsD+cyA==

"@ast-grep/napi-linux-arm64-musl@0.37.0":
  version "0.37.0"
  resolved "https://registry.yarnpkg.com/@ast-grep/napi-linux-arm64-musl/-/napi-linux-arm64-musl-0.37.0.tgz#dc35c759c71f9a3431b6d3764ce50074a6071bef"
  integrity sha512-LF9sAvYy6es/OdyJDO3RwkX3I82Vkfsng1sqUBcoWC1jVb1wX5YVzHtpQox9JrEhGl+bNp7FYxB4Qba9OdA5GA==

"@ast-grep/napi-linux-x64-gnu@0.37.0":
  version "0.37.0"
  resolved "https://registry.yarnpkg.com/@ast-grep/napi-linux-x64-gnu/-/napi-linux-x64-gnu-0.37.0.tgz#60957578911620da24f62b4f10c920290f0e5bf5"
  integrity sha512-TViz5/klqre6aSmJzswEIjApnGjJzstG/SE8VDWsrftMBMYt2PTu3MeluZVwzSqDao8doT/P+6U11dU05UOgxw==

"@ast-grep/napi-linux-x64-musl@0.37.0":
  version "0.37.0"
  resolved "https://registry.yarnpkg.com/@ast-grep/napi-linux-x64-musl/-/napi-linux-x64-musl-0.37.0.tgz#58f3d2b7461d23b4a998e8122e58705c555fc887"
  integrity sha512-/BcCH33S9E3ovOAEoxYngUNXgb+JLg991sdyiNP2bSoYd30a9RHrG7CYwW6fMgua3ijQ474eV6cq9yZO1bCpXg==

"@ast-grep/napi-win32-arm64-msvc@0.37.0":
  version "0.37.0"
  resolved "https://registry.yarnpkg.com/@ast-grep/napi-win32-arm64-msvc/-/napi-win32-arm64-msvc-0.37.0.tgz#15f330e317c017acb2d4b7862fe3c2b8c96eea15"
  integrity sha512-TjQA4cFoIEW2bgjLkaL9yqT4XWuuLa5MCNd0VCDhGRDMNQ9+rhwi9eLOWRaap3xzT7g+nlbcEHL3AkVCD2+b3A==

"@ast-grep/napi-win32-ia32-msvc@0.37.0":
  version "0.37.0"
  resolved "https://registry.yarnpkg.com/@ast-grep/napi-win32-ia32-msvc/-/napi-win32-ia32-msvc-0.37.0.tgz#2fa6802f79c627e59cdd6363f171917b624690f6"
  integrity sha512-uNmVka8fJCdYsyOlF9aZqQMLTatEYBynjChVTzUfFMDfmZ0bihs/YTqJVbkSm8TZM7CUX82apvn50z/dX5iWRA==

"@ast-grep/napi-win32-x64-msvc@0.37.0":
  version "0.37.0"
  resolved "https://registry.yarnpkg.com/@ast-grep/napi-win32-x64-msvc/-/napi-win32-x64-msvc-0.37.0.tgz#66007757f0831e36f5576839999fbd265210ed64"
  integrity sha512-vCiFOT3hSCQuHHfZ933GAwnPzmL0G04JxQEsBRfqONywyT8bSdDc/ECpAfr3S9VcS4JZ9/F6tkePKW/Om2Dq2g==

"@ast-grep/napi@0.37.0":
  version "0.37.0"
  resolved "https://registry.yarnpkg.com/@ast-grep/napi/-/napi-0.37.0.tgz#e6a4806dfbbe570f4742fd9d048bdcc87328b29e"
  integrity sha512-Hb4o6h1Pf6yRUAX07DR4JVY7dmQw+RVQMW5/m55GoiAT/VRoKCWBtIUPPOnqDVhbx1Cjfil9b6EDrgJsUAujEQ==
  optionalDependencies:
    "@ast-grep/napi-darwin-arm64" "0.37.0"
    "@ast-grep/napi-darwin-x64" "0.37.0"
    "@ast-grep/napi-linux-arm64-gnu" "0.37.0"
    "@ast-grep/napi-linux-arm64-musl" "0.37.0"
    "@ast-grep/napi-linux-x64-gnu" "0.37.0"
    "@ast-grep/napi-linux-x64-musl" "0.37.0"
    "@ast-grep/napi-win32-arm64-msvc" "0.37.0"
    "@ast-grep/napi-win32-ia32-msvc" "0.37.0"
    "@ast-grep/napi-win32-x64-msvc" "0.37.0"

"@emnapi/core@^1.5.0":
  version "1.7.0"
  resolved "https://registry.yarnpkg.com/@emnapi/core/-/core-1.7.0.tgz#135de4e8858763989112281bdf38ca02439db7c3"
  integrity sha512-pJdKGq/1iquWYtv1RRSljZklxHCOCAJFJrImO5ZLKPJVJlVUcs8yFwNQlqS0Lo8xT1VAXXTCZocF9n26FWEKsw==
  dependencies:
    "@emnapi/wasi-threads" "1.1.0"
    tslib "^2.4.0"

"@emnapi/runtime@^1.5.0":
  version "1.7.0"
  resolved "https://registry.yarnpkg.com/@emnapi/runtime/-/runtime-1.7.0.tgz#d7ef3832df8564fe5903bf0567aedbd19538ecbe"
  integrity sha512-oAYoQnCYaQZKVS53Fq23ceWMRxq5EhQsE0x0RdQ55jT7wagMu5k+fS39v1fiSLrtrLQlXwVINenqhLMtTrV/1Q==
  dependencies:
    tslib "^2.4.0"

"@emnapi/wasi-threads@1.1.0":
  version "1.1.0"
  resolved "https://registry.yarnpkg.com/@emnapi/wasi-threads/-/wasi-threads-1.1.0.tgz#60b2102fddc9ccb78607e4a3cf8403ea69be41bf"
  integrity sha512-WI0DdZ8xFSbgMjR1sFsKABJ/C5OnRrjT06JXbZKexJGrDuPTzZdDYfFlsgcCXCyf+suG5QU2e/y1Wo2V/OapLQ==
  dependencies:
    tslib "^2.4.0"

"@module-federation/error-codes@0.21.4":
  version "0.21.4"
  resolved "https://registry.yarnpkg.com/@module-federation/error-codes/-/error-codes-0.21.4.tgz#037c15c641e67c2c5465d2d3f442724395691f55"
  integrity sha512-ClpL5MereWNXh+EgDjz7w4RrC1JlisQTvXDa1gLxpviHafzNDfdViVmuhi9xXVuj+EYo8KU70Y999KHhk9424Q==

"@module-federation/runtime-core@0.21.4":
  version "0.21.4"
  resolved "https://registry.yarnpkg.com/@module-federation/runtime-core/-/runtime-core-0.21.4.tgz#3254ee1be28255f9b115fe02d462672ae0f66584"
  integrity sha512-SGpmoOLGNxZofpTOk6Lxb2ewaoz5wMi93AFYuuJB04HTVcngEK+baNeUZ2D/xewrqNIJoMY6f5maUjVfIIBPUA==
  dependencies:
    "@module-federation/error-codes" "0.21.4"
    "@module-federation/sdk" "0.21.4"

"@module-federation/runtime-tools@0.21.4":
  version "0.21.4"
  resolved "https://registry.yarnpkg.com/@module-federation/runtime-tools/-/runtime-tools-0.21.4.tgz#dbaf6d0a21ee72fc343f0d9dc50eeabb5fd9f5ba"
  integrity sha512-RzFKaL0DIjSmkn76KZRfzfB6dD07cvID84950jlNQgdyoQFUGkqD80L6rIpVCJTY/R7LzR3aQjHnoqmq4JPo3w==
  dependencies:
    "@module-federation/runtime" "0.21.4"
    "@module-federation/webpack-bundler-runtime" "0.21.4"

"@module-federation/runtime@0.21.4":
  version "0.21.4"
  resolved "https://registry.yarnpkg.com/@module-federation/runtime/-/runtime-0.21.4.tgz#f07cc2dd9786b26d3af5440793693b953a818b97"
  integrity sha512-wgvGqryurVEvkicufJmTG0ZehynCeNLklv8kIk5BLIsWYSddZAE+xe4xov1kgH5fIJQAoQNkRauFFjVNlHoAkA==
  dependencies:
    "@module-federation/error-codes" "0.21.4"
    "@module-federation/runtime-core" "0.21.4"
    "@module-federation/sdk" "0.21.4"

"@module-federation/sdk@0.21.4":
  version "0.21.4"
  resolved "https://registry.yarnpkg.com/@module-federation/sdk/-/sdk-0.21.4.tgz#4b4757b527d9a2758d01c5aadec7963348f43385"
  integrity sha512-tzvhOh/oAfX++6zCDDxuvioHY4Jurf8vcfoCbKFxusjmyKr32GPbwFDazUP+OPhYCc3dvaa9oWU6X/qpUBLfJw==

"@module-federation/webpack-bundler-runtime@0.21.4":
  version "0.21.4"
  resolved "https://registry.yarnpkg.com/@module-federation/webpack-bundler-runtime/-/webpack-bundler-runtime-0.21.4.tgz#d8651c5bb8e7bc999300f32f0e11358a6acd0501"
  integrity sha512-dusmR3uPnQh9u9ChQo3M+GLOuGFthfvnh7WitF/a1eoeTfRmXqnMFsXtZCUK+f/uXf+64874Zj/bhAgbBcVHZA==
  dependencies:
    "@module-federation/runtime" "0.21.4"
    "@module-federation/sdk" "0.21.4"

"@napi-rs/wasm-runtime@1.0.7":
  version "1.0.7"
  resolved "https://registry.yarnpkg.com/@napi-rs/wasm-runtime/-/wasm-runtime-1.0.7.tgz#dcfea99a75f06209a235f3d941e3460a51e9b14c"
  integrity sha512-SeDnOO0Tk7Okiq6DbXmmBODgOAb9dp9gjlphokTUxmt8U3liIP1ZsozBahH69j/RJv+Rfs6IwUKHTgQYJ/HBAw==
  dependencies:
    "@emnapi/core" "^1.5.0"
    "@emnapi/runtime" "^1.5.0"
    "@tybys/wasm-util" "^0.10.1"

"@remirror/core-constants@3.0.0":
  version "3.0.0"
  resolved "https://registry.yarnpkg.com/@remirror/core-constants/-/core-constants-3.0.0.tgz#96fdb89d25c62e7b6a5d08caf0ce5114370e3b8f"
  integrity sha512-42aWfPrimMfDKDi4YegyS7x+/0tlzaqwPQCULLanv3DMIlu96KTJR0fM5isWX2UViOqlGnX6YFgqWepcX+XMNg==

"@rsbuild/core@~1.6.6":
  version "1.6.6"
  resolved "https://registry.yarnpkg.com/@rsbuild/core/-/core-1.6.6.tgz#a2a277d33b648a5f055dc629afc12c0183b8e4b7"
  integrity sha512-QE1MvRFKDeeQUAwZrCPhEHgvy/XieYQj0aPho1SkkL/M4ruonp/p8ymhUJZE5wFQxIhBHaOvE2gwKnME0XQgKg==
  dependencies:
    "@rspack/core" "1.6.3"
    "@rspack/lite-tapable" "~1.1.0"
    "@swc/helpers" "^0.5.17"
    core-js "~3.46.0"
    jiti "^2.6.1"

"@rslib/core@^0.17.2":
  version "0.17.2"
  resolved "https://registry.yarnpkg.com/@rslib/core/-/core-0.17.2.tgz#3293d3193d8df3a65307960adbfdf89db480e62e"
  integrity sha512-AeWWC2/aOwVr7NQvXSS9FEzBzLzrOg1WMke6Gaqba5bQPGDRPplWtV1w1Y04u5bCzUs2wpofQ91fAldhFz8ShQ==
  dependencies:
    "@rsbuild/core" "~1.6.6"
    rsbuild-plugin-dts "0.17.2"

"@rspack/binding-darwin-arm64@1.6.3":
  version "1.6.3"
  resolved "https://registry.yarnpkg.com/@rspack/binding-darwin-arm64/-/binding-darwin-arm64-1.6.3.tgz#b7b342935a87cab9ff1716da20b7766c71622472"
  integrity sha512-GxjrB5RhxlEoX3uoWtzNPcINPOn6hzqhn00Y164gofwQ6KgvtEJU7DeYXgCq4TQDD1aQbF/lsV1wpzb2LMkQdg==

"@rspack/binding-darwin-x64@1.6.3":
  version "1.6.3"
  resolved "https://registry.yarnpkg.com/@rspack/binding-darwin-x64/-/binding-darwin-x64-1.6.3.tgz#61dc8ed8eec8e76a9c01c9d31041be19e8b89af3"
  integrity sha512-X6TEPwc+FeApTgnzBefc/viuUP7LkqTY1GxltRYuabs8E7bExlmYoyB8KhIlC66NWtgjmcNWvZIkUlr9ZalBkQ==

"@rspack/binding-linux-arm64-gnu@1.6.3":
  version "1.6.3"
  resolved "https://registry.yarnpkg.com/@rspack/binding-linux-arm64-gnu/-/binding-linux-arm64-gnu-1.6.3.tgz#e0a5a84988c3bde8d8e57698ef0b98140f850263"
  integrity sha512-uid2GjLzRnYNzNuTTS/hUZdYO6bNATWfaeuhGBU8RWrRgB+clJwhZskSwhfVrvmyTXYbHI95CJIPt4TbZ1FRTg==

"@rspack/binding-linux-arm64-musl@1.6.3":
  version "1.6.3"
  resolved "https://registry.yarnpkg.com/@rspack/binding-linux-arm64-musl/-/binding-linux-arm64-musl-1.6.3.tgz#a77095a31f3fe898b20e97b5ca8e94f2569d935b"
  integrity sha512-ZJqqyEARBAnv9Gj3+0/PGIw87r8Vg0ZEKiRT9u5tPKK01dptF+xGv4xywAlahOeFUik4Dni5aHixbarStzN9Cw==

"@rspack/binding-linux-x64-gnu@1.6.3":
  version "1.6.3"
  resolved "https://registry.yarnpkg.com/@rspack/binding-linux-x64-gnu/-/binding-linux-x64-gnu-1.6.3.tgz#fe779d69754ec5e48c144035e03dc2cfb5524b23"
  integrity sha512-/W8/X3CBGVY7plii5eUzyIEyCKiYx1lqrSVuD1HLlVHvzC4H2Kpk0EwvY2gUhnQRLU0Ym77Sh4PRd1ZOOzP4LQ==

"@rspack/binding-linux-x64-musl@1.6.3":
  version "1.6.3"
  resolved "https://registry.yarnpkg.com/@rspack/binding-linux-x64-musl/-/binding-linux-x64-musl-1.6.3.tgz#6b6cc621e1b3a552afa8dfe2389aa25eac522a2d"
  integrity sha512-h0Q3aM0fkRCd330DfRGZ9O3nk/rfRyXRX4dEIoLcLAq34VOmp3HZUP7rEy7feiJbuU4Atcvd0MD7U6RLwa1umQ==

"@rspack/binding-wasm32-wasi@1.6.3":
  version "1.6.3"
  resolved "https://registry.yarnpkg.com/@rspack/binding-wasm32-wasi/-/binding-wasm32-wasi-1.6.3.tgz#0d897dccdc54b6484c289f36ff99246742e29008"
  integrity sha512-XLCDe+b52kAajlHutsyfh9o+uKQvgis+rLFb3XIJ9FfCcL8opTWVyeGLNHBUBn7cGPXGEYWd0EU9CZJrjV+iVw==
  dependencies:
    "@napi-rs/wasm-runtime" "1.0.7"

"@rspack/binding-win32-arm64-msvc@1.6.3":
  version "1.6.3"
  resolved "https://registry.yarnpkg.com/@rspack/binding-win32-arm64-msvc/-/binding-win32-arm64-msvc-1.6.3.tgz#125f0272850ce3f7af4935b58711f9a031b9658d"
  integrity sha512-BU3VjyzAf8noYqb7NPuUZu9VVHRH2b+x4Q5A2oqQwEq4JzW/Mrhcd//vnRpSE9HHuezxTpQTtSSsB/YqV7BkDg==

"@rspack/binding-win32-ia32-msvc@1.6.3":
  version "1.6.3"
  resolved "https://registry.yarnpkg.com/@rspack/binding-win32-ia32-msvc/-/binding-win32-ia32-msvc-1.6.3.tgz#71546543f80156ddbaf6cec495489b267bbcfb98"
  integrity sha512-W2yHUFra9N8QbBKQC6PcyOwOJbj8qrmechK97XVQAwo0GWGnQKMphivJrbxHOxCz89FGn9kLGRakTH04bHT4MQ==

"@rspack/binding-win32-x64-msvc@1.6.3":
  version "1.6.3"
  resolved "https://registry.yarnpkg.com/@rspack/binding-win32-x64-msvc/-/binding-win32-x64-msvc-1.6.3.tgz#101c7b1cd670f956e0faeb059b4f273c5b1d70bb"
  integrity sha512-mxep+BqhySoWweQSXnUaYAHx+C8IzOTNMJYuAVchXn9bMG6SPAXvZqAF8X/Q+kNg8X7won8Sjz+O+OUw3OTyOQ==

"@rspack/binding@1.6.3":
  version "1.6.3"
  resolved "https://registry.yarnpkg.com/@rspack/binding/-/binding-1.6.3.tgz#1f02b0320030041e9ea1af974a572f6770902d67"
  integrity sha512-liRgxMjHWDL225c41pH4ZcFtPN48LM0+St3iylwavF5JFSqBv86R/Cv5+M+WLrhcihCQsxDwBofipyosJIFmmA==
  optionalDependencies:
    "@rspack/binding-darwin-arm64" "1.6.3"
    "@rspack/binding-darwin-x64" "1.6.3"
    "@rspack/binding-linux-arm64-gnu" "1.6.3"
    "@rspack/binding-linux-arm64-musl" "1.6.3"
    "@rspack/binding-linux-x64-gnu" "1.6.3"
    "@rspack/binding-linux-x64-musl" "1.6.3"
    "@rspack/binding-wasm32-wasi" "1.6.3"
    "@rspack/binding-win32-arm64-msvc" "1.6.3"
    "@rspack/binding-win32-ia32-msvc" "1.6.3"
    "@rspack/binding-win32-x64-msvc" "1.6.3"

"@rspack/core@1.6.3":
  version "1.6.3"
  resolved "https://registry.yarnpkg.com/@rspack/core/-/core-1.6.3.tgz#9ed170e72e821afb11cf82ff41b24e43a5de1916"
  integrity sha512-03pyxRtpZ9SNwuA4XHLcFG/jmmWqSd4NaXQGrwOHU0UoPKpVPTqkxtQYZLCfeNtDfAA9v2KPqgJ3b40x8nJGeA==
  dependencies:
    "@module-federation/runtime-tools" "0.21.4"
    "@rspack/binding" "1.6.3"
    "@rspack/lite-tapable" "1.1.0"

"@rspack/lite-tapable@1.1.0", "@rspack/lite-tapable@~1.1.0":
  version "1.1.0"
  resolved "https://registry.yarnpkg.com/@rspack/lite-tapable/-/lite-tapable-1.1.0.tgz#3cfdafeed01078e116bd4f191b684c8b484de425"
  integrity sha512-E2B0JhYFmVAwdDiG14+DW0Di4Ze4Jg10Pc4/lILUrd5DRCaklduz2OvJ5HYQ6G+hd+WTzqQb3QnDNfK4yvAFYw==

"@swc/helpers@^0.5.17":
  version "0.5.17"
  resolved "https://registry.yarnpkg.com/@swc/helpers/-/helpers-0.5.17.tgz#5a7be95ac0f0bf186e7e6e890e7a6f6cda6ce971"
  integrity sha512-5IKx/Y13RsYd+sauPb2x+U/xZikHjolzfuDgTAl/Tdf3Q8rslRvC19NKDLgAJQ6wsqADk10ntlv08nPFw/gO/A==
  dependencies:
    tslib "^2.8.0"

"@tiptap/core@^3.10.7":
  version "3.10.7"
  resolved "https://registry.yarnpkg.com/@tiptap/core/-/core-3.10.7.tgz#3e56d68d2a8f7e686b31261c720052a580d1d5c0"
  integrity sha512-4rD3oHkXNOS6Fxm0mr+ECyq35iMFnnAXheIO+UsQbOexwTxn2yZ5Q1rQiFKcCf+p+rrg1yt8TtxQPM8VLWS+1g==

"@tiptap/extension-blockquote@^3.10.7":
  version "3.10.7"
  resolved "https://registry.yarnpkg.com/@tiptap/extension-blockquote/-/extension-blockquote-3.10.7.tgz#8782cf17cb5de7042e952178e13a8141c287972b"
  integrity sha512-xIeRVTnnC78VDgm3YxosgM1ODVKBdmyWuz4Dhhyc1UCPFptzNIPZuzNbOxyThFseqKh1LVDM+EmjshACE/3jVg==

"@tiptap/extension-bold@^3.10.7":
  version "3.10.7"
  resolved "https://registry.yarnpkg.com/@tiptap/extension-bold/-/extension-bold-3.10.7.tgz#9811788760905753fd53cfdfc615d91765b50f87"
  integrity sha512-NWjOIIZdxUSkWLQrEY4Tg60MzS6RGt/1aLnwTyFFzFFShzOmd/xzxp0fRS+p79ZKNcQa9OKgnrlS4xuRq8WOdQ==

"@tiptap/extension-code-block@^3.10.7":
  version "3.10.7"
  resolved "https://registry.yarnpkg.com/@tiptap/extension-code-block/-/extension-code-block-3.10.7.tgz#87452f7fe2e41deb5b187e77f98c995858ff5610"
  integrity sha512-Z6EH/DhSVQtOKL+vS9J2dbvJ81T3xJ2Htgn4BOxpuCGUCInu5Aymf/53tco3aQse/UHB3Gvr+/4AOwxphXYhgw==

"@tiptap/extension-code@^3.10.7":
  version "3.10.7"
  resolved "https://registry.yarnpkg.com/@tiptap/extension-code/-/extension-code-3.10.7.tgz#2dfa6b51fb269c2cc9ab5703dc2b3e0158787b60"
  integrity sha512-POK3CCy29LoRI6JVvFRVAmH2G90a7pKJT8sbqOaX1WKmLLDt7drUxGgBNnz/cBXJQHPnXZgRq/P8ZQPISklT7Q==

"@tiptap/extension-color@^3.10.7":
  version "3.10.7"
  resolved "https://registry.yarnpkg.com/@tiptap/extension-color/-/extension-color-3.10.7.tgz#9971c930468e767b1ff119b732d5846b7633c805"
  integrity sha512-ukI1ncB9s/hMTiX/5VcMSnzl1b0Y8qXaRNpNwW2IvsxqrMUjdZi9PRTHVf/c2wSp8dqV1ElaHi9uC1afKP1k/g==

"@tiptap/extension-document@^3.10.7":
  version "3.10.7"
  resolved "https://registry.yarnpkg.com/@tiptap/extension-document/-/extension-document-3.10.7.tgz#c2e179785dafc778af5842740a2c04153a352912"
  integrity sha512-RlezqyAf0voUblrMLArh+AZJ9t+rE6buFa+U1V37Ey+I1z+Y8pPqlhtYJoTUz0GtSZWMReirSvoQpQJHM9x3Yw==

"@tiptap/extension-hard-break@^3.10.7":
  version "3.10.7"
  resolved "https://registry.yarnpkg.com/@tiptap/extension-hard-break/-/extension-hard-break-3.10.7.tgz#34e7c432058ba66a3432232f76d6a3f08015ae1d"
  integrity sha512-EIdTsD2pV4FSef/6nrKlXV8H5861PElnIjuoHkwk1alowAVL/HSvJqPxZwH6k2qLcsabkr0cSdaDixw9gJGAdg==

"@tiptap/extension-heading@^3.10.7":
  version "3.10.7"
  resolved "https://registry.yarnpkg.com/@tiptap/extension-heading/-/extension-heading-3.10.7.tgz#8a918c1534937e635a1a3ba4c3de5de8fa72c1cc"
  integrity sha512-Pp0LYTEyimDfiXzy+8Ls2LDuhhmyM7jXr8go3myTHSLMTpt0ch7P5FVSnDxMFtQ5eRiAwXHET63/JOaiIwMa/w==

"@tiptap/extension-highlight@^3.10.7":
  version "3.10.7"
  resolved "https://registry.yarnpkg.com/@tiptap/extension-highlight/-/extension-highlight-3.10.7.tgz#33f477a37afab44f0c63061290ffe3a436e3b895"
  integrity sha512-cm7b4RSuGYj+PKEMDC/fkJw/qs1lhrfIwMSWkGmM/VG94FhRsup8VKrhrftnZTzsXDdqpTOIfXI+5tx2we61lQ==

"@tiptap/extension-horizontal-rule@^3.10.7":
  version "3.10.7"
  resolved "https://registry.yarnpkg.com/@tiptap/extension-horizontal-rule/-/extension-horizontal-rule-3.10.7.tgz#733a011dc0bc674e0245a904a42f3ae3e00580ec"
  integrity sha512-V9uWb341QUBDDbR3aoSs3Sx0PQQaKwZ/ESVEE03El9rkIrf8g5K82x8/M0nvSOvGobt6oRyI/rgbj196YQuXiQ==

"@tiptap/extension-image@^3.10.7":
  version "3.10.7"
  resolved "https://registry.yarnpkg.com/@tiptap/extension-image/-/extension-image-3.10.7.tgz#6f52bc391425aeba5684b4068ffa9407b5f0a7dc"
  integrity sha512-SGsk7lRPYJjLdSeAp6wUI7wXIlZzTzUKo4/jXjkBrhGUW+IJTz0uLFyuWNbdORLsHbCfrQHzjZSlmXoFd15ERg==

"@tiptap/extension-italic@^3.10.7":
  version "3.10.7"
  resolved "https://registry.yarnpkg.com/@tiptap/extension-italic/-/extension-italic-3.10.7.tgz#161e1af8b6b0e39edbb37d9d0990b62369dffc28"
  integrity sha512-1CQgHNm51xDyZI188f5xKLcUIjRS+2cyZgS9XwKwIU/3QOsiKsNC+cBc4VmN3aR0A01NjK0ch0MjeKkPPWUt5A==

"@tiptap/extension-link@^3.10.7":
  version "3.10.7"
  resolved "https://registry.yarnpkg.com/@tiptap/extension-link/-/extension-link-3.10.7.tgz#2c7aee94df95dccb2ca40b8dfcc7e88427616b13"
  integrity sha512-AIgrtveTQ5QyRpcic2MVSuv9aOaN0n+swdZPvi8XREZX/uf1SU4dYU7p0dNChhcn53GGPDNVRTQXX4YdEAZFQQ==
  dependencies:
    linkifyjs "^4.3.2"

"@tiptap/extension-list@^3.10.7":
  version "3.10.7"
  resolved "https://registry.yarnpkg.com/@tiptap/extension-list/-/extension-list-3.10.7.tgz#c31c531b45b6b39a91df6d54b1e12448f927b740"
  integrity sha512-aggic/94+wAt50Bx492++YsQtu0NdH8psaRokA0/9NvTjHoLq/zbbyloJyYW+DWe4GzwK9qCB5PKHQTTXWMu9Q==

"@tiptap/extension-paragraph@^3.10.7":
  version "3.10.7"
  resolved "https://registry.yarnpkg.com/@tiptap/extension-paragraph/-/extension-paragraph-3.10.7.tgz#f751b4c8c7991747a3f5899fa39a7c197fbd92bc"
  integrity sha512-53+nCxNaKcmeqQ+aWrSauEWywuWPp8qkUTOO2rHlpmM+rk/1bv3IZePKQ2JtHZzYCeRd3xOC33kl60HE7EwakQ==

"@tiptap/extension-strike@^3.10.7":
  version "3.10.7"
  resolved "https://registry.yarnpkg.com/@tiptap/extension-strike/-/extension-strike-3.10.7.tgz#5bf95f4d0b568b9ad8927e6097df1c7cb4b6994c"
  integrity sha512-pZMdQhChv59jsahvmjiJjSTPM05J6EHAX/GPdA9w8xSKy73899MhIhWJ7yt2CJEPjwn3ixnomIPhMjxBkizv+g==

"@tiptap/extension-subscript@^3.10.7":
  version "3.10.7"
  resolved "https://registry.yarnpkg.com/@tiptap/extension-subscript/-/extension-subscript-3.10.7.tgz#7127a9f817f9184f03b7bf23fd26b74b60b41e36"
  integrity sha512-BsrbgkFNujdcPZFBYzTelH3MfQ9eGPqoF1jmde5PK2v6dUHF95su7ENc2F5bLOsKHcdwHfApFKsRGfVEAOgNzA==

"@tiptap/extension-superscript@^3.10.7":
  version "3.10.7"
  resolved "https://registry.yarnpkg.com/@tiptap/extension-superscript/-/extension-superscript-3.10.7.tgz#f812114396d638a1d64c7a381aca95fa164d8ff1"
  integrity sha512-qUBWXzl8RPpLaIzIHKjGQNJoEw4pp598tbWqdEQGOidBnUu5cVDCbM+ybi2lSZTRP2InlIQe7cw8uRA8Mw/wng==

"@tiptap/extension-table@^3.10.7":
  version "3.10.7"
  resolved "https://registry.yarnpkg.com/@tiptap/extension-table/-/extension-table-3.10.7.tgz#886a5eac0eeafee91ad4db1837397d8543b3ef9e"
  integrity sha512-+970tUQBMTvJDg+l/B9ktGAnPPDb0FrL8olmCFR7RRx4tWaUyZUIFI0yiLHK17HKRbW/8MZJ85sNMko3NJl77g==

"@tiptap/extension-text-align@^3.10.7":
  version "3.10.7"
  resolved "https://registry.yarnpkg.com/@tiptap/extension-text-align/-/extension-text-align-3.10.7.tgz#d733c792ed71dc94bd320cd8ded96c2a9ebad9b4"
  integrity sha512-rAuDNhhFNYIrurzasDd5FW2DNeCxs4BgobARMDlTvGIpqf7F1eJq8nQa6wK8MD7K+ma2ZfJ6vTI73z0x64GiZw==

"@tiptap/extension-text-style@^3.10.7":
  version "3.10.7"
  resolved "https://registry.yarnpkg.com/@tiptap/extension-text-style/-/extension-text-style-3.10.7.tgz#4f57e94a16c17af06932c394ab0033a45b4eda99"
  integrity sha512-qv4wVKTVJ4ZvDtn2Qc7YR8IB3ltDl8k1C/YD48z1OB0g7NTJQlQFZXuKzMYhNW6GSrqoQpPhd/KmQPhTJ+eHjw==

"@tiptap/extension-text@^3.10.7":
  version "3.10.7"
  resolved "https://registry.yarnpkg.com/@tiptap/extension-text/-/extension-text-3.10.7.tgz#3a9f4f104362012e84da4f2751f52c02ec385106"
  integrity sha512-b7Rjil/uqiabWnRHyd1P84rWD2XRyZZSrmIAO9mDMD/jB2bE+f7rDJcHG76GF03UicDhEEEf2/8mz0dMLa6mUA==

"@tiptap/extension-underline@^3.10.7":
  version "3.10.7"
  resolved "https://registry.yarnpkg.com/@tiptap/extension-underline/-/extension-underline-3.10.7.tgz#371a00dbed2c8e5a5bb9f94c11a0e14b92f83d7e"
  integrity sha512-yBL81xdbjT5Y7acoBqWpnH/SoH3bpgqaLvJBG3NNk+mdLB5HjBWTlPLKjvjQV0HRN5bZ+RJWeiRnQk1ahcfmQA==

"@tiptap/extensions@^3.10.7":
  version "3.10.7"
  resolved "https://registry.yarnpkg.com/@tiptap/extensions/-/extensions-3.10.7.tgz#56f2b2ae58d216bcfcc6c3554c52c454ae3ebe5c"
  integrity sha512-jYYR7NA7t2hdyJmSLYVAJ3usyIOZ2mfFqPCCHbSn/k3jqmGaPFZuxJSwmYjfmTxisZ9rGn+49/YJF2y/Yej/0Q==

"@tiptap/pm@^3.10.7":
  version "3.10.7"
  resolved "https://registry.yarnpkg.com/@tiptap/pm/-/pm-3.10.7.tgz#d7028d96824e555f78e1b4490107e9db72eb53b4"
  integrity sha512-/iiurioqSukJk6CrEtfRpdOEafDybyVPToAllgn7i2XcusXSxJSX+K0GUndMUwVR+UqVOCyMYBTRTnE0hdQqgA==
  dependencies:
    prosemirror-changeset "^2.3.0"
    prosemirror-collab "^1.3.1"
    prosemirror-commands "^1.6.2"
    prosemirror-dropcursor "^1.8.1"
    prosemirror-gapcursor "^1.3.2"
    prosemirror-history "^1.4.1"
    prosemirror-inputrules "^1.4.0"
    prosemirror-keymap "^1.2.2"
    prosemirror-markdown "^1.13.1"
    prosemirror-menu "^1.2.4"
    prosemirror-model "^1.24.1"
    prosemirror-schema-basic "^1.2.3"
    prosemirror-schema-list "^1.5.0"
    prosemirror-state "^1.4.3"
    prosemirror-tables "^1.6.4"
    prosemirror-trailing-node "^3.0.0"
    prosemirror-transform "^1.10.2"
    prosemirror-view "^1.38.1"

"@tybys/wasm-util@^0.10.1":
  version "0.10.1"
  resolved "https://registry.yarnpkg.com/@tybys/wasm-util/-/wasm-util-0.10.1.tgz#ecddd3205cf1e2d5274649ff0eedd2991ed7f414"
  integrity sha512-9tTaPJLSiejZKx+Bmog4uSubteqTvFrVrURwkmHixBo0G4seD0zUxp98E1DzUBJxLQ3NPwXrGKDiVjwx/DpPsg==
  dependencies:
    tslib "^2.4.0"

"@types/linkify-it@^5":
  version "5.0.0"
  resolved "https://registry.yarnpkg.com/@types/linkify-it/-/linkify-it-5.0.0.tgz#21413001973106cda1c3a9b91eedd4ccd5469d76"
  integrity sha512-sVDA58zAw4eWAffKOaQH5/5j3XeayukzDk+ewSsnv3p4yJEZHCCzMDiZM8e0OUrRvmpGZ85jf4yDHkHsgBNr9Q==

"@types/markdown-it@^14.0.0":
  version "14.1.2"
  resolved "https://registry.yarnpkg.com/@types/markdown-it/-/markdown-it-14.1.2.tgz#57f2532a0800067d9b934f3521429a2e8bfb4c61"
  integrity sha512-promo4eFwuiW+TfGxhi+0x3czqTYJkG8qB17ZUJiVF10Xm7NLVRSLUsfRTU/6h1e24VvRnXCx+hG7li58lkzog==
  dependencies:
    "@types/linkify-it" "^5"
    "@types/mdurl" "^2"

"@types/mdurl@^2":
  version "2.0.0"
  resolved "https://registry.yarnpkg.com/@types/mdurl/-/mdurl-2.0.0.tgz#d43878b5b20222682163ae6f897b20447233bdfd"
  integrity sha512-RGdgjQUZba5p6QEFAVx2OGb8rQDL/cPRG7GiedRzMcJ1tYnUANBncjbSB1NRGwbvjcPeikRABz2nshyPk1bhWg==

argparse@^2.0.1:
  version "2.0.1"
  resolved "https://registry.yarnpkg.com/argparse/-/argparse-2.0.1.tgz#246f50f3ca78a3240f6c997e8a9bd1eac49e4b38"
  integrity sha512-8+9WqebbFzpX9OR+Wa6O29asIogeRMzcGtAINdpMHHyAg10f05aSFVBbcEqGf/PXw1EjAZ+q2/bEBg3DvurK3Q==

autoprefixer@^10.4.22:
  version "10.4.22"
  resolved "https://registry.yarnpkg.com/autoprefixer/-/autoprefixer-10.4.22.tgz#90b27ab55ec0cf0684210d1f056f7d65dac55f16"
  integrity sha512-ARe0v/t9gO28Bznv6GgqARmVqcWOV3mfgUPn9becPHMiD3o9BwlRgaeccZnwTpZ7Zwqrm+c1sUSsMxIzQzc8Xg==
  dependencies:
    browserslist "^4.27.0"
    caniuse-lite "^1.0.30001754"
    fraction.js "^5.3.4"
    normalize-range "^0.1.2"
    picocolors "^1.1.1"
    postcss-value-parser "^4.2.0"

baseline-browser-mapping@^2.8.25:
  version "2.8.27"
  resolved "https://registry.yarnpkg.com/baseline-browser-mapping/-/baseline-browser-mapping-2.8.27.tgz#d15ab8face053137f8eb4c028455024787515d5d"
  integrity sha512-2CXFpkjVnY2FT+B6GrSYxzYf65BJWEqz5tIRHCvNsZZ2F3CmsCB37h8SpYgKG7y9C4YAeTipIPWG7EmFmhAeXA==

browserslist@^4.27.0:
  version "4.28.0"
  resolved "https://registry.yarnpkg.com/browserslist/-/browserslist-4.28.0.tgz#9cefece0a386a17a3cd3d22ebf67b9deca1b5929"
  integrity sha512-tbydkR/CxfMwelN0vwdP/pLkDwyAASZ+VfWm4EOwlB6SWhx1sYnWLqo8N5j0rAzPfzfRaxt0mM/4wPU/Su84RQ==
  dependencies:
    baseline-browser-mapping "^2.8.25"
    caniuse-lite "^1.0.30001754"
    electron-to-chromium "^1.5.249"
    node-releases "^2.0.27"
    update-browserslist-db "^1.1.4"

caniuse-lite@^1.0.30001754:
  version "1.0.30001754"
  resolved "https://registry.yarnpkg.com/caniuse-lite/-/caniuse-lite-1.0.30001754.tgz#7758299d9a72cce4e6b038788a15b12b44002759"
  integrity sha512-x6OeBXueoAceOmotzx3PO4Zpt4rzpeIFsSr6AAePTZxSkXiYDUmpypEl7e2+8NCd9bD7bXjqyef8CJYPC1jfxg==

core-js@~3.46.0:
  version "3.46.0"
  resolved "https://registry.yarnpkg.com/core-js/-/core-js-3.46.0.tgz#323a092b96381a9184d0cd49ee9083b2f93373bb"
  integrity sha512-vDMm9B0xnqqZ8uSBpZ8sNtRtOdmfShrvT6h2TuQGLs0Is+cR0DYbj/KWP6ALVNbWPpqA/qPLoOuppJN07humpA==

crelt@^1.0.0:
  version "1.0.6"
  resolved "https://registry.yarnpkg.com/crelt/-/crelt-1.0.6.tgz#7cc898ea74e190fb6ef9dae57f8f81cf7302df72"
  integrity sha512-VQ2MBenTq1fWZUH9DJNGti7kKv6EeAuYr3cLwxUWhIu1baTaXh4Ib5W2CqHVqib4/MqbYGJqiL3Zb8GJZr3l4g==

electron-to-chromium@^1.5.249:
  version "1.5.250"
  resolved "https://registry.yarnpkg.com/electron-to-chromium/-/electron-to-chromium-1.5.250.tgz#0b40436fa41ae7cbac3d2f60ef0411a698eb72a7"
  integrity sha512-/5UMj9IiGDMOFBnN4i7/Ry5onJrAGSbOGo3s9FEKmwobGq6xw832ccET0CE3CkkMBZ8GJSlUIesZofpyurqDXw==

entities@^4.4.0:
  version "4.5.0"
  resolved "https://registry.yarnpkg.com/entities/-/entities-4.5.0.tgz#5d268ea5e7113ec74c4d033b79ea5a35a488fb48"
  integrity sha512-V0hjH4dGPh9Ao5p0MoRY6BVqtwCjhz6vI5LT8AJ55H+4g9/4vbHx1I54fS0XuclLhDHArPQCiMjDxjaL8fPxhw==

escalade@^3.2.0:
  version "3.2.0"
  resolved "https://registry.yarnpkg.com/escalade/-/escalade-3.2.0.tgz#011a3f69856ba189dffa7dc8fcce99d2a87903e5"
  integrity sha512-WUj2qlxaQtO4g6Pq5c29GTcWGDyd8itL8zTlipgECz3JesAiiOKotd8JU6otB3PACgG6xkJUyVhboMS+bje/jA==

escape-string-regexp@^4.0.0:
  version "4.0.0"
  resolved "https://registry.yarnpkg.com/escape-string-regexp/-/escape-string-regexp-4.0.0.tgz#14ba83a5d373e3d311e5afca29cf5bfad965bf34"
  integrity sha512-TtpcNJ3XAzx3Gq8sWRzJaVajRs0uVxA2YAkdb1jm2YkPz4G6egUFAyA3n5vtEIZefPk5Wa4UXbKuS5fKkJWdgA==

fraction.js@^5.3.4:
  version "5.3.4"
  resolved "https://registry.yarnpkg.com/fraction.js/-/fraction.js-5.3.4.tgz#8c0fcc6a9908262df4ed197427bdeef563e0699a"
  integrity sha512-1X1NTtiJphryn/uLQz3whtY6jK3fTqoE3ohKs0tT+Ujr1W59oopxmoEh7Lu5p6vBaPbgoM0bzveAW4Qi5RyWDQ==

jiti@^2.6.1:
  version "2.6.1"
  resolved "https://registry.yarnpkg.com/jiti/-/jiti-2.6.1.tgz#178ef2fc9a1a594248c20627cd820187a4d78d92"
  integrity sha512-ekilCSN1jwRvIbgeg/57YFh8qQDNbwDb9xT/qu2DAHbFFZUicIl4ygVaAvzveMhMVr3LnpSKTNnwt8PoOfmKhQ==

linkify-it@^5.0.0:
  version "5.0.0"
  resolved "https://registry.yarnpkg.com/linkify-it/-/linkify-it-5.0.0.tgz#9ef238bfa6dc70bd8e7f9572b52d369af569b421"
  integrity sha512-5aHCbzQRADcdP+ATqnDuhhJ/MRIqDkZX5pyjFHRRysS8vZ5AbqGEoFIb6pYHPZ+L/OC2Lc+xT8uHVVR5CAK/wQ==
  dependencies:
    uc.micro "^2.0.0"

linkifyjs@^4.3.2:
  version "4.3.2"
  resolved "https://registry.yarnpkg.com/linkifyjs/-/linkifyjs-4.3.2.tgz#d97eb45419aabf97ceb4b05a7adeb7b8c8ade2b1"
  integrity sha512-NT1CJtq3hHIreOianA8aSXn6Cw0JzYOuDQbOrSPe7gqFnCpKP++MQe3ODgO3oh2GJFORkAAdqredOa60z63GbA==

markdown-it@^14.0.0:
  version "14.1.0"
  resolved "https://registry.yarnpkg.com/markdown-it/-/markdown-it-14.1.0.tgz#3c3c5992883c633db4714ccb4d7b5935d98b7d45"
  integrity sha512-a54IwgWPaeBCAAsv13YgmALOF1elABB08FxO9i+r4VFk5Vl4pKokRPeX8u5TCgSsPi6ec1otfLjdOpVcgbpshg==
  dependencies:
    argparse "^2.0.1"
    entities "^4.4.0"
    linkify-it "^5.0.0"
    mdurl "^2.0.0"
    punycode.js "^2.3.1"
    uc.micro "^2.1.0"

mdurl@^2.0.0:
  version "2.0.0"
  resolved "https://registry.yarnpkg.com/mdurl/-/mdurl-2.0.0.tgz#80676ec0433025dd3e17ee983d0fe8de5a2237e0"
  integrity sha512-Lf+9+2r+Tdp5wXDXC4PcIBjTDtq4UKjCPMQhKIuzpJNW0b96kVqSwW0bT7FhRSfmAiFYgP+SCRvdrDozfh0U5w==

nanoid@^3.3.11:
  version "3.3.11"
  resolved "https://registry.yarnpkg.com/nanoid/-/nanoid-3.3.11.tgz#4f4f112cefbe303202f2199838128936266d185b"
  integrity sha512-N8SpfPUnUp1bK+PMYW8qSWdl9U+wwNWI4QKxOYDy9JAro3WMX7p2OeVRF9v+347pnakNevPmiHhNmZ2HbFA76w==

node-releases@^2.0.27:
  version "2.0.27"
  resolved "https://registry.yarnpkg.com/node-releases/-/node-releases-2.0.27.tgz#eedca519205cf20f650f61d56b070db111231e4e"
  integrity sha512-nmh3lCkYZ3grZvqcCH+fjmQ7X+H0OeZgP40OierEaAptX4XofMh5kwNbWh7lBduUzCcV/8kZ+NDLCwm2iorIlA==

normalize-range@^0.1.2:
  version "0.1.2"
  resolved "https://registry.yarnpkg.com/normalize-range/-/normalize-range-0.1.2.tgz#2d10c06bdfd312ea9777695a4d28439456b75942"
  integrity sha512-bdok/XvKII3nUpklnV6P2hxtMNrCboOjAcyBuQnWEhO665FwrSNRxU+AqpsyvO6LgGYPspN+lu5CLtw4jPRKNA==

orderedmap@^2.0.0:
  version "2.1.1"
  resolved "https://registry.yarnpkg.com/orderedmap/-/orderedmap-2.1.1.tgz#61481269c44031c449915497bf5a4ad273c512d2"
  integrity sha512-TvAWxi0nDe1j/rtMcWcIj94+Ffe6n7zhow33h40SKxmsmozs6dz/e+EajymfoFcHd7sxNn8yHM8839uixMOV6g==

picocolors@^1.1.1:
  version "1.1.1"
  resolved "https://registry.yarnpkg.com/picocolors/-/picocolors-1.1.1.tgz#3d321af3eab939b083c8f929a1d12cda81c26b6b"
  integrity sha512-xceH2snhtb5M9liqDsmEw56le376mTZkEX/jEb/RxNFyegNul7eNslCXP9FDj/Lcu0X8KEyMceP2ntpaHrDEVA==

postcss-value-parser@^4.2.0:
  version "4.2.0"
  resolved "https://registry.yarnpkg.com/postcss-value-parser/-/postcss-value-parser-4.2.0.tgz#723c09920836ba6d3e5af019f92bc0971c02e514"
  integrity sha512-1NNCs6uurfkVbeXG4S8JFT9t19m45ICnif8zWLd5oPSZ50QnwMfK+H3jv408d4jw/7Bttv5axS5IiHoLaVNHeQ==

postcss@^8.5.3:
  version "8.5.6"
  resolved "https://registry.yarnpkg.com/postcss/-/postcss-8.5.6.tgz#2825006615a619b4f62a9e7426cc120b349a8f3c"
  integrity sha512-3Ybi1tAuwAP9s0r1UQ2J4n5Y0G05bJkpUIO0/bI9MhwmD70S5aTWbXGBwxHrelT+XM1k6dM0pk+SwNkpTRN7Pg==
  dependencies:
    nanoid "^3.3.11"
    picocolors "^1.1.1"
    source-map-js "^1.2.1"

prosemirror-changeset@^2.3.0:
  version "2.3.1"
  resolved "https://registry.yarnpkg.com/prosemirror-changeset/-/prosemirror-changeset-2.3.1.tgz#eee3299cfabc7a027694e9abdc4e85505e9dd5e7"
  integrity sha512-j0kORIBm8ayJNl3zQvD1TTPHJX3g042et6y/KQhZhnPrruO8exkTgG8X+NRpj7kIyMMEx74Xb3DyMIBtO0IKkQ==
  dependencies:
    prosemirror-transform "^1.0.0"

prosemirror-collab@^1.3.1:
  version "1.3.1"
  resolved "https://registry.yarnpkg.com/prosemirror-collab/-/prosemirror-collab-1.3.1.tgz#0e8c91e76e009b53457eb3b3051fb68dad029a33"
  integrity sha512-4SnynYR9TTYaQVXd/ieUvsVV4PDMBzrq2xPUWutHivDuOshZXqQ5rGbZM84HEaXKbLdItse7weMGOUdDVcLKEQ==
  dependencies:
    prosemirror-state "^1.0.0"

prosemirror-commands@^1.0.0, prosemirror-commands@^1.6.2:
  version "1.7.1"
  resolved "https://registry.yarnpkg.com/prosemirror-commands/-/prosemirror-commands-1.7.1.tgz#d101fef85618b1be53d5b99ea17bee5600781b38"
  integrity sha512-rT7qZnQtx5c0/y/KlYaGvtG411S97UaL6gdp6RIZ23DLHanMYLyfGBV5DtSnZdthQql7W+lEVbpSfwtO8T+L2w==
  dependencies:
    prosemirror-model "^1.0.0"
    prosemirror-state "^1.0.0"
    prosemirror-transform "^1.10.2"

prosemirror-dropcursor@^1.8.1, prosemirror-dropcursor@^1.8.2:
  version "1.8.2"
  resolved "https://registry.yarnpkg.com/prosemirror-dropcursor/-/prosemirror-dropcursor-1.8.2.tgz#2ed30c4796109ddeb1cf7282372b3850528b7228"
  integrity sha512-CCk6Gyx9+Tt2sbYk5NK0nB1ukHi2ryaRgadV/LvyNuO3ena1payM2z6Cg0vO1ebK8cxbzo41ku2DE5Axj1Zuiw==
  dependencies:
    prosemirror-state "^1.0.0"
    prosemirror-transform "^1.1.0"
    prosemirror-view "^1.1.0"

prosemirror-gapcursor@^1.3.2, prosemirror-gapcursor@^1.4.0:
  version "1.4.0"
  resolved "https://registry.yarnpkg.com/prosemirror-gapcursor/-/prosemirror-gapcursor-1.4.0.tgz#e1144a83b79db7ed0ec32cd0e915a0364220af43"
  integrity sha512-z00qvurSdCEWUIulij/isHaqu4uLS8r/Fi61IbjdIPJEonQgggbJsLnstW7Lgdk4zQ68/yr6B6bf7sJXowIgdQ==
  dependencies:
    prosemirror-keymap "^1.0.0"
    prosemirror-model "^1.0.0"
    prosemirror-state "^1.0.0"
    prosemirror-view "^1.0.0"

prosemirror-history@^1.0.0, prosemirror-history@^1.4.1, prosemirror-history@^1.5.0:
  version "1.5.0"
  resolved "https://registry.yarnpkg.com/prosemirror-history/-/prosemirror-history-1.5.0.tgz#ee21fc5de85a1473e3e3752015ffd6d649a06859"
  integrity sha512-zlzTiH01eKA55UAf1MEjtssJeHnGxO0j4K4Dpx+gnmX9n+SHNlDqI2oO1Kv1iPN5B1dm5fsljCfqKF9nFL6HRg==
  dependencies:
    prosemirror-state "^1.2.2"
    prosemirror-transform "^1.0.0"
    prosemirror-view "^1.31.0"
    rope-sequence "^1.3.0"

prosemirror-inputrules@^1.4.0, prosemirror-inputrules@^1.5.1:
  version "1.5.1"
  resolved "https://registry.yarnpkg.com/prosemirror-inputrules/-/prosemirror-inputrules-1.5.1.tgz#d2e935f6086e3801486b09222638f61dae89a570"
  integrity sha512-7wj4uMjKaXWAQ1CDgxNzNtR9AlsuwzHfdFH1ygEHA2KHF2DOEaXl1CJfNPAKCg9qNEh4rum975QLaCiQPyY6Fw==
  dependencies:
    prosemirror-state "^1.0.0"
    prosemirror-transform "^1.0.0"

prosemirror-keymap@^1.0.0, prosemirror-keymap@^1.2.2, prosemirror-keymap@^1.2.3:
  version "1.2.3"
  resolved "https://registry.yarnpkg.com/prosemirror-keymap/-/prosemirror-keymap-1.2.3.tgz#c0f6ab95f75c0b82c97e44eb6aaf29cbfc150472"
  integrity sha512-4HucRlpiLd1IPQQXNqeo81BGtkY8Ai5smHhKW9jjPKRc2wQIxksg7Hl1tTI2IfT2B/LgX6bfYvXxEpJl7aKYKw==
  dependencies:
    prosemirror-state "^1.0.0"
    w3c-keyname "^2.2.0"

prosemirror-markdown@^1.13.1:
  version "1.13.2"
  resolved "https://registry.yarnpkg.com/prosemirror-markdown/-/prosemirror-markdown-1.13.2.tgz#863eb3fd5f57a444e4378174622b562735b1c503"
  integrity sha512-FPD9rHPdA9fqzNmIIDhhnYQ6WgNoSWX9StUZ8LEKapaXU9i6XgykaHKhp6XMyXlOWetmaFgGDS/nu/w9/vUc5g==
  dependencies:
    "@types/markdown-it" "^14.0.0"
    markdown-it "^14.0.0"
    prosemirror-model "^1.25.0"

prosemirror-menu@^1.2.4, prosemirror-menu@^1.2.5:
  version "1.2.5"
  resolved "https://registry.yarnpkg.com/prosemirror-menu/-/prosemirror-menu-1.2.5.tgz#dea00e7b623cea89f4d76963bee22d2ac2343250"
  integrity sha512-qwXzynnpBIeg1D7BAtjOusR+81xCp53j7iWu/IargiRZqRjGIlQuu1f3jFi+ehrHhWMLoyOQTSRx/IWZJqOYtQ==
  dependencies:
    crelt "^1.0.0"
    prosemirror-commands "^1.0.0"
    prosemirror-history "^1.0.0"
    prosemirror-state "^1.0.0"

prosemirror-model@^1.0.0, prosemirror-model@^1.20.0, prosemirror-model@^1.21.0, prosemirror-model@^1.24.1, prosemirror-model@^1.25.0, prosemirror-model@^1.25.4:
  version "1.25.4"
  resolved "https://registry.yarnpkg.com/prosemirror-model/-/prosemirror-model-1.25.4.tgz#8ebfbe29ecbee9e5e2e4048c4fe8e363fcd56e7c"
  integrity sha512-PIM7E43PBxKce8OQeezAs9j4TP+5yDpZVbuurd1h5phUxEKIu+G2a+EUZzIC5nS1mJktDJWzbqS23n1tsAf5QA==
  dependencies:
    orderedmap "^2.0.0"

prosemirror-schema-basic@^1.2.3:
  version "1.2.4"
  resolved "https://registry.yarnpkg.com/prosemirror-schema-basic/-/prosemirror-schema-basic-1.2.4.tgz#389ce1ec09b8a30ea9bbb92c58569cb690c2d695"
  integrity sha512-ELxP4TlX3yr2v5rM7Sb70SqStq5NvI15c0j9j/gjsrO5vaw+fnnpovCLEGIcpeGfifkuqJwl4fon6b+KdrODYQ==
  dependencies:
    prosemirror-model "^1.25.0"

prosemirror-schema-list@^1.5.0:
  version "1.5.1"
  resolved "https://registry.yarnpkg.com/prosemirror-schema-list/-/prosemirror-schema-list-1.5.1.tgz#5869c8f749e8745c394548bb11820b0feb1e32f5"
  integrity sha512-927lFx/uwyQaGwJxLWCZRkjXG0p48KpMj6ueoYiu4JX05GGuGcgzAy62dfiV8eFZftgyBUvLx76RsMe20fJl+Q==
  dependencies:
    prosemirror-model "^1.0.0"
    prosemirror-state "^1.0.0"
    prosemirror-transform "^1.7.3"

prosemirror-state@^1.0.0, prosemirror-state@^1.2.2, prosemirror-state@^1.4.3, prosemirror-state@^1.4.4:
  version "1.4.4"
  resolved "https://registry.yarnpkg.com/prosemirror-state/-/prosemirror-state-1.4.4.tgz#72b5e926f9e92dcee12b62a05fcc8a2de3bf5b39"
  integrity sha512-6jiYHH2CIGbCfnxdHbXZ12gySFY/fz/ulZE333G6bPqIZ4F+TXo9ifiR86nAHpWnfoNjOb3o5ESi7J8Uz1jXHw==
  dependencies:
    prosemirror-model "^1.0.0"
    prosemirror-transform "^1.0.0"
    prosemirror-view "^1.27.0"

prosemirror-tables@^1.6.4, prosemirror-tables@^1.8.1:
  version "1.8.1"
  resolved "https://registry.yarnpkg.com/prosemirror-tables/-/prosemirror-tables-1.8.1.tgz#896a234e3e18240b629b747a871369dae78c8a9a"
  integrity sha512-DAgDoUYHCcc6tOGpLVPSU1k84kCUWTWnfWX3UDy2Delv4ryH0KqTD6RBI6k4yi9j9I8gl3j8MkPpRD/vWPZbug==
  dependencies:
    prosemirror-keymap "^1.2.2"
    prosemirror-model "^1.25.0"
    prosemirror-state "^1.4.3"
    prosemirror-transform "^1.10.3"
    prosemirror-view "^1.39.1"

prosemirror-trailing-node@^3.0.0:
  version "3.0.0"
  resolved "https://registry.yarnpkg.com/prosemirror-trailing-node/-/prosemirror-trailing-node-3.0.0.tgz#5bc223d4fc1e8d9145e4079ec77a932b54e19e04"
  integrity sha512-xiun5/3q0w5eRnGYfNlW1uU9W6x5MoFKWwq/0TIRgt09lv7Hcser2QYV8t4muXbEr+Fwo0geYn79Xs4GKywrRQ==
  dependencies:
    "@remirror/core-constants" "3.0.0"
    escape-string-regexp "^4.0.0"

prosemirror-transform@^1.0.0, prosemirror-transform@^1.1.0, prosemirror-transform@^1.10.2, prosemirror-transform@^1.10.3, prosemirror-transform@^1.10.5, prosemirror-transform@^1.7.3:
  version "1.10.5"
  resolved "https://registry.yarnpkg.com/prosemirror-transform/-/prosemirror-transform-1.10.5.tgz#4cf9fe5dcbdbfebd62499f24386e7cec9bc9979b"
  integrity sha512-RPDQCxIDhIBb1o36xxwsaeAvivO8VLJcgBtzmOwQ64bMtsVFh5SSuJ6dWSxO1UsHTiTXPCgQm3PDJt7p6IOLbw==
  dependencies:
    prosemirror-model "^1.21.0"

prosemirror-view@^1.0.0, prosemirror-view@^1.1.0, prosemirror-view@^1.27.0, prosemirror-view@^1.31.0, prosemirror-view@^1.38.1, prosemirror-view@^1.39.1, prosemirror-view@^1.41.3:
  version "1.41.3"
  resolved "https://registry.yarnpkg.com/prosemirror-view/-/prosemirror-view-1.41.3.tgz#753a37ebe172a3e313ad2c3d85496f9ed1b2c256"
  integrity sha512-SqMiYMUQNNBP9kfPhLO8WXEk/fon47vc52FQsUiJzTBuyjKgEcoAwMyF04eQ4WZ2ArMn7+ReypYL60aKngbACQ==
  dependencies:
    prosemirror-model "^1.20.0"
    prosemirror-state "^1.0.0"
    prosemirror-transform "^1.1.0"

punycode.js@^2.3.1:
  version "2.3.1"
  resolved "https://registry.yarnpkg.com/punycode.js/-/punycode.js-2.3.1.tgz#6b53e56ad75588234e79f4affa90972c7dd8cdb7"
  integrity sha512-uxFIHU0YlHYhDQtV4R9J6a52SLx28BCjT+4ieh7IGbgwVJWO+km431c4yRlREUAsAmt/uMjQUyQHNEPf0M39CA==

rope-sequence@^1.3.0:
  version "1.3.4"
  resolved "https://registry.yarnpkg.com/rope-sequence/-/rope-sequence-1.3.4.tgz#df85711aaecd32f1e756f76e43a415171235d425"
  integrity sha512-UT5EDe2cu2E/6O4igUr5PSFs23nvvukicWHx6GnOPlHAiiYbzNuCRQCuiUdHJQcqKalLKlrYJnjY0ySGsXNQXQ==

rsbuild-plugin-dts@0.17.2:
  version "0.17.2"
  resolved "https://registry.yarnpkg.com/rsbuild-plugin-dts/-/rsbuild-plugin-dts-0.17.2.tgz#d7e2bd57468395229239b864c97d374208121c5f"
  integrity sha512-j9m3Eh4hoo22G5vsZQplYDeMedRShjp/vzVbtVMextlw/oyziGeW6BowJGmLzMr7dXLCLl0y8YdAl16v0I4Oeg==
  dependencies:
    "@ast-grep/napi" "0.37.0"

source-map-js@^1.2.1:
  version "1.2.1"
  resolved "https://registry.yarnpkg.com/source-map-js/-/source-map-js-1.2.1.tgz#1ce5650fddd87abc099eda37dcff024c2667ae46"
  integrity sha512-UXWMKhLOwVKb728IUtQPXxfYU+usdybtUrK/8uGE8CQMvrhOpwvzDBwj0QhSL7MQc7vIsISBG8VQ8+IDQxpfQA==

tslib@^2.4.0, tslib@^2.8.0:
  version "2.8.1"
  resolved "https://registry.yarnpkg.com/tslib/-/tslib-2.8.1.tgz#612efe4ed235d567e8aba5f2a5fab70280ade83f"
  integrity sha512-oJFu94HQb+KVduSUQL7wnpmqnfmLsOA/nAh6b6EH0wCEoK0/mPeXU6c3wKDV83MkOuHPRHtSXKKU99IBazS/2w==

uc.micro@^2.0.0, uc.micro@^2.1.0:
  version "2.1.0"
  resolved "https://registry.yarnpkg.com/uc.micro/-/uc.micro-2.1.0.tgz#f8d3f7d0ec4c3dea35a7e3c8efa4cb8b45c9e7ee"
  integrity sha512-ARDJmphmdvUk6Glw7y9DQ2bFkKBHwQHLi2lsaH6PPmz/Ka9sFOBsBluozhDltWmnv9u/cF6Rt87znRTPV+yp/A==

update-browserslist-db@^1.1.4:
  version "1.1.4"
  resolved "https://registry.yarnpkg.com/update-browserslist-db/-/update-browserslist-db-1.1.4.tgz#7802aa2ae91477f255b86e0e46dbc787a206ad4a"
  integrity sha512-q0SPT4xyU84saUX+tomz1WLkxUbuaJnR1xWt17M7fJtEJigJeWUNGUqrauFXsHnqev9y9JTRGwk13tFBuKby4A==
  dependencies:
    escalade "^3.2.0"
    picocolors "^1.1.1"

w3c-keyname@^2.2.0:
  version "2.2.8"
  resolved "https://registry.yarnpkg.com/w3c-keyname/-/w3c-keyname-2.2.8.tgz#7b17c8c6883d4e8b86ac8aba79d39e880f8869c5"
  integrity sha512-dpojBhNsCNN7T82Tm7k26A6G9ML3NkhDsnw9n/eoxSRlVBB4CEtIQ/KTCLI2Fwf3ataSXRhYFkQi3SlnFwPvPQ==
